
Microsoft Visual Studio Solution File, Format Version 12.00
# Visual Studio Version 17
VisualStudioVersion = 17.12.35506.116 d17.12
MinimumVisualStudioVersion = 10.0.40219.1
Project("{2150E333-8FDC-42A3-9474-1A3956D46DE8}") = "Task0", "Task0", "{CB3BB287-1AC5-4873-BC71-E2DB3D3ED4C2}"
EndProject
Project("{FAE04EC0-301F-11D3-BF4B-00C04F79EFBC}") = "Tyuiu.ZainetdinovRA.Sprint3.Task0.V8", "Tyuiu.ZainetdinovRA.Sprint3.Task0.V8\Tyuiu.ZainetdinovRA.Sprint3.Task0.V8.csproj", "{1E6A014F-503E-4EAD-8BF4-251C2603B88E}"
EndProject
Project("{FAE04EC0-301F-11D3-BF4B-00C04F79EFBC}") = "Tyuiu.ZainetdinovRA.Sprint3.Task0.V8.Lib", "Tyuiu.ZainetdinovRA.Sprint3.Task0.V8.Lib\Tyuiu.ZainetdinovRA.Sprint3.Task0.V8.Lib.csproj", "{2560AC47-EC97-47C6-8DCE-125EED572488}"
EndProject
Project("{FAE04EC0-301F-11D3-BF4B-00C04F79EFBC}") = "Tyuiu.ZainetdinovRA.Sprint3.Task0.V8.Test", "Tyuiu.ZainetdinovRA.Sprint3.Task0.V8.Test\Tyuiu.ZainetdinovRA.Sprint3.Task0.V8.Test.csproj", "{67218B3E-DE14-4A3E-923A-1D38C00A4919}"
EndProject
Global
	GlobalSection(SolutionConfigurationPlatforms) = preSolution
		Debug|Any CPU = Debug|Any CPU
		Release|Any CPU = Release|Any CPU
	EndGlobalSection
	GlobalSection(ProjectConfigurationPlatforms) = postSolution
		{1E6A014F-503E-4EAD-8BF4-251C2603B88E}.Debug|Any CPU.ActiveCfg = Debug|Any CPU
		{1E6A014F-503E-4EAD-8BF4-251C2603B88E}.Debug|Any CPU.Build.0 = Debug|Any CPU
		{1E6A014F-503E-4EAD-8BF4-251C2603B88E}.Release|Any CPU.ActiveCfg = Release|Any CPU
		{1E6A014F-503E-4EAD-8BF4-251C2603B88E}.Release|Any CPU.Build.0 = Release|Any CPU
		{2560AC47-EC97-47C6-8DCE-125EED572488}.Debug|Any CPU.ActiveCfg = Debug|Any CPU
		{2560AC47-EC97-47C6-8DCE-125EED572488}.Debug|Any CPU.Build.0 = Debug|Any CPU
		{2560AC47-EC97-47C6-8DCE-125EED572488}.Release|Any CPU.ActiveCfg = Release|Any CPU
		{2560AC47-EC97-47C6-8DCE-125EED572488}.Release|Any CPU.Build.0 = Release|Any CPU
		{67218B3E-DE14-4A3E-923A-1D38C00A4919}.Debug|Any CPU.ActiveCfg = Debug|Any CPU
		{67218B3E-DE14-4A3E-923A-1D38C00A4919}.Debug|Any CPU.Build.0 = Debug|Any CPU
		{67218B3E-DE14-4A3E-923A-1D38C00A4919}.Release|Any CPU.ActiveCfg = Release|Any CPU
		{67218B3E-DE14-4A3E-923A-1D38C00A4919}.Release|Any CPU.Build.0 = Release|Any CPU
	EndGlobalSection
	GlobalSection(SolutionProperties) = preSolution
		HideSolutionNode = FALSE
	EndGlobalSection
	GlobalSection(NestedProjects) = preSolution
		{1E6A014F-503E-4EAD-8BF4-251C2603B88E} = {CB3BB287-1AC5-4873-BC71-E2DB3D3ED4C2}
		{2560AC47-EC97-47C6-8DCE-125EED572488} = {CB3BB287-1AC5-4873-BC71-E2DB3D3ED4C2}
		{67218B3E-DE14-4A3E-923A-1D38C00A4919} = {CB3BB287-1AC5-4873-BC71-E2DB3D3ED4C2}
	EndGlobalSection
EndGlobal
