
Microsoft Visual Studio Solution File, Format Version 12.00
# Visual Studio Version 17
VisualStudioVersion = 17.12.35506.116
MinimumVisualStudioVersion = 10.0.40219.1
Project("{2150E333-8FDC-42A3-9474-1A3956D46DE8}") = "Task0", "Task0", "{CB3BB287-1AC5-4873-BC71-E2DB3D3ED4C2}"
EndProject
Project("{FAE04EC0-301F-11D3-BF4B-00C04F79EFBC}") = "Tyuiu.ZainetdinovRA.Sprint3.Task0.V8", "Tyuiu.ZainetdinovRA.Sprint3.Task0.V8\Tyuiu.ZainetdinovRA.Sprint3.Task0.V8.csproj", "{1E6A014F-503E-4EAD-8BF4-251C2603B88E}"
EndProject
Project("{FAE04EC0-301F-11D3-BF4B-00C04F79EFBC}") = "Tyuiu.ZainetdinovRA.Sprint3.Task0.V8.Lib", "Tyuiu.ZainetdinovRA.Sprint3.Task0.V8.Lib\Tyuiu.ZainetdinovRA.Sprint3.Task0.V8.Lib.csproj", "{2560AC47-EC97-47C6-8DCE-125EED572488}"
EndProject
Project("{FAE04EC0-301F-11D3-BF4B-00C04F79EFBC}") = "Tyuiu.ZainetdinovRA.Sprint3.Task0.V8.Test", "Tyuiu.ZainetdinovRA.Sprint3.Task0.V8.Test\Tyuiu.ZainetdinovRA.Sprint3.Task0.V8.Test.csproj", "{67218B3E-DE14-4A3E-923A-1D38C00A4919}"
EndProject
Project("{2150E333-8FDC-42A3-9474-1A3956D46DE8}") = "Task1", "Task1", "{69E70F3F-FC71-4651-8893-151BCA02E3FC}"
EndProject
Project("{FAE04EC0-301F-11D3-BF4B-00C04F79EFBC}") = "Tyuiu.ZainetdinovRA.Sprint3.Task1.V15", "Tyuiu.ZainetdinovRA.Sprint3.Task1.V15\Tyuiu.ZainetdinovRA.Sprint3.Task1.V15.csproj", "{C4BE9A2B-3B63-4390-9F98-2C858E1A1DC8}"
EndProject
Project("{FAE04EC0-301F-11D3-BF4B-00C04F79EFBC}") = "Tyuiu.ZainetdinovRA.Sprint3.Task1.V15.Lib", "Tyuiu.ZainetdinovRA.Sprint3.Task1.V15.Lib\Tyuiu.ZainetdinovRA.Sprint3.Task1.V15.Lib.csproj", "{FADEA12B-CFF2-42CC-AF46-07711607BB6D}"
EndProject
Project("{FAE04EC0-301F-11D3-BF4B-00C04F79EFBC}") = "Tyuiu.ZainetdinovRA.Sprint3.Task1.V15.Test", "Tyuiu.ZainetdinovRA.Sprint3.Task1.V15.Test\Tyuiu.ZainetdinovRA.Sprint3.Task1.V15.Test.csproj", "{758BFFB2-9305-4969-AF41-7D86FCA598BC}"
EndProject
Project("{2150E333-8FDC-42A3-9474-1A3956D46DE8}") = "Task2", "Task2", "{69A76C7B-4BFE-4A18-AFE9-7E290311489E}"
EndProject
Project("{FAE04EC0-301F-11D3-BF4B-00C04F79EFBC}") = "Tyuiu.ZainetdinovRA.Sprint3.Task2.V18", "Tyuiu.ZainetdinovRA.Sprint3.Task2.V18\Tyuiu.ZainetdinovRA.Sprint3.Task2.V18.csproj", "{F69360B6-B327-4178-9EF8-C53D8642E425}"
EndProject
Project("{FAE04EC0-301F-11D3-BF4B-00C04F79EFBC}") = "Tyuiu.ZainetdinovRA.Sprint3.Task2.V18.Lib", "Tyuiu.ZainetdinovRA.Sprint3.Task2.V18.Lib\Tyuiu.ZainetdinovRA.Sprint3.Task2.V18.Lib.csproj", "{722DB4C2-C81C-49AB-AD4D-5EC24DE679AF}"
EndProject
Project("{FAE04EC0-301F-11D3-BF4B-00C04F79EFBC}") = "Tyuiu.ZainetdinovRA.Sprint3.Task2.V18.Test", "Tyuiu.ZainetdinovRA.Sprint3.Task2.V18.Test\Tyuiu.ZainetdinovRA.Sprint3.Task2.V18.Test.csproj", "{425B0A2A-8999-4404-B128-5BE056BCD51E}"
EndProject
Project("{2150E333-8FDC-42A3-9474-1A3956D46DE8}") = "Task3", "Task3", "{183D0A35-465A-42F1-B37A-3EA5A67F33AB}"
EndProject
Project("{FAE04EC0-301F-11D3-BF4B-00C04F79EFBC}") = "Tyuiu.ZainetdinovRA.Sprint3.Task3.V2", "Tyuiu.ZainetdinovRA.Sprint3.Task3.V2\Tyuiu.ZainetdinovRA.Sprint3.Task3.V2.csproj", "{08D971AC-339A-4E09-AF30-C7EC4BBB663C}"
EndProject
Project("{FAE04EC0-301F-11D3-BF4B-00C04F79EFBC}") = "Tyuiu.ZainetdinovRA.Sprint3.Task3.V2.Lib", "Tyuiu.ZainetdinovRA.Sprint3.Task3.V2.Lib\Tyuiu.ZainetdinovRA.Sprint3.Task3.V2.Lib.csproj", "{E7975D3E-D1F3-45C3-B958-EA10AE4D0279}"
EndProject
Project("{FAE04EC0-301F-11D3-BF4B-00C04F79EFBC}") = "Tyuiu.ZainetdinovRA.Sprint3.Task3.V2.Test", "Tyuiu.ZainetdinovRA.Sprint3.Task3.V2.Test\Tyuiu.ZainetdinovRA.Sprint3.Task3.V2.Test.csproj", "{2ABA3268-C30E-49CF-A084-DDD5500DA506}"
EndProject
Project("{2150E333-8FDC-42A3-9474-1A3956D46DE8}") = "Task4", "Task4", "{1994E579-568A-4015-9453-E570F151279D}"
EndProject
Project("{FAE04EC0-301F-11D3-BF4B-00C04F79EFBC}") = "Tyuiu.ZainetdinovRA.Sprint3.Task4.V7", "Tyuiu.ZainetdinovRA.Sprint3.Task4.V7\Tyuiu.ZainetdinovRA.Sprint3.Task4.V7.csproj", "{1D678C5D-5CBD-4CD8-A6A0-34663DC10E76}"
EndProject
Project("{FAE04EC0-301F-11D3-BF4B-00C04F79EFBC}") = "Tyuiu.ZainetdinovRA.Sprint3.Task4.V7.Lib", "Tyuiu.ZainetdinovRA.Sprint3.Task4.V7.Lib\Tyuiu.ZainetdinovRA.Sprint3.Task4.V7.Lib.csproj", "{DEBC9FB9-7F07-4CE7-9020-D13852D9873B}"
EndProject
Project("{FAE04EC0-301F-11D3-BF4B-00C04F79EFBC}") = "Tyuiu.ZainetdinovRA.Sprint3.Task4.V7.Test", "Tyuiu.ZainetdinovRA.Sprint3.Task4.V7.Test\Tyuiu.ZainetdinovRA.Sprint3.Task4.V7.Test.csproj", "{CA202577-333B-4BBE-830F-38B15FA95692}"
EndProject
Global
	GlobalSection(SolutionConfigurationPlatforms) = preSolution
		Debug|Any CPU = Debug|Any CPU
		Release|Any CPU = Release|Any CPU
	EndGlobalSection
	GlobalSection(ProjectConfigurationPlatforms) = postSolution
		{1E6A014F-503E-4EAD-8BF4-251C2603B88E}.Debug|Any CPU.ActiveCfg = Debug|Any CPU
		{1E6A014F-503E-4EAD-8BF4-251C2603B88E}.Debug|Any CPU.Build.0 = Debug|Any CPU
		{1E6A014F-503E-4EAD-8BF4-251C2603B88E}.Release|Any CPU.ActiveCfg = Release|Any CPU
		{1E6A014F-503E-4EAD-8BF4-251C2603B88E}.Release|Any CPU.Build.0 = Release|Any CPU
		{2560AC47-EC97-47C6-8DCE-125EED572488}.Debug|Any CPU.ActiveCfg = Debug|Any CPU
		{2560AC47-EC97-47C6-8DCE-125EED572488}.Debug|Any CPU.Build.0 = Debug|Any CPU
		{2560AC47-EC97-47C6-8DCE-125EED572488}.Release|Any CPU.ActiveCfg = Release|Any CPU
		{2560AC47-EC97-47C6-8DCE-125EED572488}.Release|Any CPU.Build.0 = Release|Any CPU
		{67218B3E-DE14-4A3E-923A-1D38C00A4919}.Debug|Any CPU.ActiveCfg = Debug|Any CPU
		{67218B3E-DE14-4A3E-923A-1D38C00A4919}.Debug|Any CPU.Build.0 = Debug|Any CPU
		{67218B3E-DE14-4A3E-923A-1D38C00A4919}.Release|Any CPU.ActiveCfg = Release|Any CPU
		{67218B3E-DE14-4A3E-923A-1D38C00A4919}.Release|Any CPU.Build.0 = Release|Any CPU
		{C4BE9A2B-3B63-4390-9F98-2C858E1A1DC8}.Debug|Any CPU.ActiveCfg = Debug|Any CPU
		{C4BE9A2B-3B63-4390-9F98-2C858E1A1DC8}.Debug|Any CPU.Build.0 = Debug|Any CPU
		{C4BE9A2B-3B63-4390-9F98-2C858E1A1DC8}.Release|Any CPU.ActiveCfg = Release|Any CPU
		{C4BE9A2B-3B63-4390-9F98-2C858E1A1DC8}.Release|Any CPU.Build.0 = Release|Any CPU
		{FADEA12B-CFF2-42CC-AF46-07711607BB6D}.Debug|Any CPU.ActiveCfg = Debug|Any CPU
		{FADEA12B-CFF2-42CC-AF46-07711607BB6D}.Debug|Any CPU.Build.0 = Debug|Any CPU
		{FADEA12B-CFF2-42CC-AF46-07711607BB6D}.Release|Any CPU.ActiveCfg = Release|Any CPU
		{FADEA12B-CFF2-42CC-AF46-07711607BB6D}.Release|Any CPU.Build.0 = Release|Any CPU
		{758BFFB2-9305-4969-AF41-7D86FCA598BC}.Debug|Any CPU.ActiveCfg = Debug|Any CPU
		{758BFFB2-9305-4969-AF41-7D86FCA598BC}.Debug|Any CPU.Build.0 = Debug|Any CPU
		{758BFFB2-9305-4969-AF41-7D86FCA598BC}.Release|Any CPU.ActiveCfg = Release|Any CPU
		{758BFFB2-9305-4969-AF41-7D86FCA598BC}.Release|Any CPU.Build.0 = Release|Any CPU
		{F69360B6-B327-4178-9EF8-C53D8642E425}.Debug|Any CPU.ActiveCfg = Debug|Any CPU
		{F69360B6-B327-4178-9EF8-C53D8642E425}.Debug|Any CPU.Build.0 = Debug|Any CPU
		{F69360B6-B327-4178-9EF8-C53D8642E425}.Release|Any CPU.ActiveCfg = Release|Any CPU
		{F69360B6-B327-4178-9EF8-C53D8642E425}.Release|Any CPU.Build.0 = Release|Any CPU
		{722DB4C2-C81C-49AB-AD4D-5EC24DE679AF}.Debug|Any CPU.ActiveCfg = Debug|Any CPU
		{722DB4C2-C81C-49AB-AD4D-5EC24DE679AF}.Debug|Any CPU.Build.0 = Debug|Any CPU
		{722DB4C2-C81C-49AB-AD4D-5EC24DE679AF}.Release|Any CPU.ActiveCfg = Release|Any CPU
		{722DB4C2-C81C-49AB-AD4D-5EC24DE679AF}.Release|Any CPU.Build.0 = Release|Any CPU
		{425B0A2A-8999-4404-B128-5BE056BCD51E}.Debug|Any CPU.ActiveCfg = Debug|Any CPU
		{425B0A2A-8999-4404-B128-5BE056BCD51E}.Debug|Any CPU.Build.0 = Debug|Any CPU
		{425B0A2A-8999-4404-B128-5BE056BCD51E}.Release|Any CPU.ActiveCfg = Release|Any CPU
		{425B0A2A-8999-4404-B128-5BE056BCD51E}.Release|Any CPU.Build.0 = Release|Any CPU
		{08D971AC-339A-4E09-AF30-C7EC4BBB663C}.Debug|Any CPU.ActiveCfg = Debug|Any CPU
		{08D971AC-339A-4E09-AF30-C7EC4BBB663C}.Debug|Any CPU.Build.0 = Debug|Any CPU
		{08D971AC-339A-4E09-AF30-C7EC4BBB663C}.Release|Any CPU.ActiveCfg = Release|Any CPU
		{08D971AC-339A-4E09-AF30-C7EC4BBB663C}.Release|Any CPU.Build.0 = Release|Any CPU
		{E7975D3E-D1F3-45C3-B958-EA10AE4D0279}.Debug|Any CPU.ActiveCfg = Debug|Any CPU
		{E7975D3E-D1F3-45C3-B958-EA10AE4D0279}.Debug|Any CPU.Build.0 = Debug|Any CPU
		{E7975D3E-D1F3-45C3-B958-EA10AE4D0279}.Release|Any CPU.ActiveCfg = Release|Any CPU
		{E7975D3E-D1F3-45C3-B958-EA10AE4D0279}.Release|Any CPU.Build.0 = Release|Any CPU
		{2ABA3268-C30E-49CF-A084-DDD5500DA506}.Debug|Any CPU.ActiveCfg = Debug|Any CPU
		{2ABA3268-C30E-49CF-A084-DDD5500DA506}.Debug|Any CPU.Build.0 = Debug|Any CPU
		{2ABA3268-C30E-49CF-A084-DDD5500DA506}.Release|Any CPU.ActiveCfg = Release|Any CPU
		{2ABA3268-C30E-49CF-A084-DDD5500DA506}.Release|Any CPU.Build.0 = Release|Any CPU
		{1D678C5D-5CBD-4CD8-A6A0-34663DC10E76}.Debug|Any CPU.ActiveCfg = Debug|Any CPU
		{1D678C5D-5CBD-4CD8-A6A0-34663DC10E76}.Debug|Any CPU.Build.0 = Debug|Any CPU
		{1D678C5D-5CBD-4CD8-A6A0-34663DC10E76}.Release|Any CPU.ActiveCfg = Release|Any CPU
		{1D678C5D-5CBD-4CD8-A6A0-34663DC10E76}.Release|Any CPU.Build.0 = Release|Any CPU
		{DEBC9FB9-7F07-4CE7-9020-D13852D9873B}.Debug|Any CPU.ActiveCfg = Debug|Any CPU
		{DEBC9FB9-7F07-4CE7-9020-D13852D9873B}.Debug|Any CPU.Build.0 = Debug|Any CPU
		{DEBC9FB9-7F07-4CE7-9020-D13852D9873B}.Release|Any CPU.ActiveCfg = Release|Any CPU
		{DEBC9FB9-7F07-4CE7-9020-D13852D9873B}.Release|Any CPU.Build.0 = Release|Any CPU
		{CA202577-333B-4BBE-830F-38B15FA95692}.Debug|Any CPU.ActiveCfg = Debug|Any CPU
		{CA202577-333B-4BBE-830F-38B15FA95692}.Debug|Any CPU.Build.0 = Debug|Any CPU
		{CA202577-333B-4BBE-830F-38B15FA95692}.Release|Any CPU.ActiveCfg = Release|Any CPU
		{CA202577-333B-4BBE-830F-38B15FA95692}.Release|Any CPU.Build.0 = Release|Any CPU
	EndGlobalSection
	GlobalSection(SolutionProperties) = preSolution
		HideSolutionNode = FALSE
	EndGlobalSection
	GlobalSection(NestedProjects) = preSolution
		{1E6A014F-503E-4EAD-8BF4-251C2603B88E} = {CB3BB287-1AC5-4873-BC71-E2DB3D3ED4C2}
		{2560AC47-EC97-47C6-8DCE-125EED572488} = {CB3BB287-1AC5-4873-BC71-E2DB3D3ED4C2}
		{67218B3E-DE14-4A3E-923A-1D38C00A4919} = {CB3BB287-1AC5-4873-BC71-E2DB3D3ED4C2}
		{C4BE9A2B-3B63-4390-9F98-2C858E1A1DC8} = {69E70F3F-FC71-4651-8893-151BCA02E3FC}
		{FADEA12B-CFF2-42CC-AF46-07711607BB6D} = {69E70F3F-FC71-4651-8893-151BCA02E3FC}
		{758BFFB2-9305-4969-AF41-7D86FCA598BC} = {69E70F3F-FC71-4651-8893-151BCA02E3FC}
		{F69360B6-B327-4178-9EF8-C53D8642E425} = {69A76C7B-4BFE-4A18-AFE9-7E290311489E}
		{722DB4C2-C81C-49AB-AD4D-5EC24DE679AF} = {69A76C7B-4BFE-4A18-AFE9-7E290311489E}
		{425B0A2A-8999-4404-B128-5BE056BCD51E} = {69A76C7B-4BFE-4A18-AFE9-7E290311489E}
		{08D971AC-339A-4E09-AF30-C7EC4BBB663C} = {183D0A35-465A-42F1-B37A-3EA5A67F33AB}
		{E7975D3E-D1F3-45C3-B958-EA10AE4D0279} = {183D0A35-465A-42F1-B37A-3EA5A67F33AB}
		{2ABA3268-C30E-49CF-A084-DDD5500DA506} = {183D0A35-465A-42F1-B37A-3EA5A67F33AB}
		{1D678C5D-5CBD-4CD8-A6A0-34663DC10E76} = {1994E579-568A-4015-9453-E570F151279D}
		{DEBC9FB9-7F07-4CE7-9020-D13852D9873B} = {1994E579-568A-4015-9453-E570F151279D}
		{CA202577-333B-4BBE-830F-38B15FA95692} = {1994E579-568A-4015-9453-E570F151279D}
	EndGlobalSection
EndGlobal
